
Microsoft Visual Studio Solution File, Format Version 12.00
# Visual Studio 15
Project("{FAE04EC0-301F-11D3-BF4B-00C04F79EFBC}") = "UnityEngine.TestRunner", "UnityEngine.TestRunner.csproj", "{62AADDCB-685B-00B4-A2FA-35F89B9EFD3B}"
EndProject
Project("{FAE04EC0-301F-11D3-BF4B-00C04F79EFBC}") = "Unity.Timeline", "Unity.Timeline.csproj", "{35E9C5F0-67D6-4205-632F-798A936C7E4B}"
EndProject
Project("{FAE04EC0-301F-11D3-BF4B-00C04F79EFBC}") = "UnityEngine.UI", "UnityEngine.UI.csproj", "{129C079F-D293-E6A2-06E5-7F9B2E1811C0}"
EndProject
Project("{FAE04EC0-301F-11D3-BF4B-00C04F79EFBC}") = "Unity.TextMeshPro", "Unity.TextMeshPro.csproj", "{5C223C4A-A684-C979-2026-C3A4FABF1581}"
EndProject
Project("{FAE04EC0-301F-11D3-BF4B-00C04F79EFBC}") = "Assembly-CSharp", "Assembly-CSharp.csproj", "{4A4F4D4F-DC0E-AA69-05F1-2D8FAD4D9912}"
EndProject
Project("{FAE04EC0-301F-11D3-BF4B-00C04F79EFBC}") = "UnityEditor.TestRunner", "UnityEditor.TestRunner.csproj", "{87C5C70D-C009-77DE-F615-CF80A7310365}"
EndProject
Project("{FAE04EC0-301F-11D3-BF4B-00C04F79EFBC}") = "Unity.PlasticSCM.Editor", "Unity.PlasticSCM.Editor.csproj", "{33B468E9-F2EF-3FB2-8EC5-942293D8A943}"
EndProject
Project("{FAE04EC0-301F-11D3-BF4B-00C04F79EFBC}") = "UnityEditor.UI", "UnityEditor.UI.csproj", "{2284BB1F-0B7F-58A0-24B9-F2274D28B1A8}"
EndProject
Project("{FAE04EC0-301F-11D3-BF4B-00C04F79EFBC}") = "Unity.Services.Core.Editor", "Unity.Services.Core.Editor.csproj", "{B8575AE9-7EC8-AFD6-C16F-EAB8B1C6AE6E}"
EndProject
Project("{FAE04EC0-301F-11D3-BF4B-00C04F79EFBC}") = "Unity.Timeline.Editor", "Unity.Timeline.Editor.csproj", "{0E5CB625-037B-FED6-B2F3-674FE84E4D22}"
EndProject
Project("{FAE04EC0-301F-11D3-BF4B-00C04F79EFBC}") = "Unity.VisualStudio.Editor", "Unity.VisualStudio.Editor.csproj", "{A08F6DF6-C925-630B-52E9-BA645C6338BC}"
EndProject
Project("{FAE04EC0-301F-11D3-BF4B-00C04F79EFBC}") = "Unity.TextMeshPro.Editor", "Unity.TextMeshPro.Editor.csproj", "{61C40AF6-49D4-E8F3-BFF1-745053A50D3E}"
EndProject
Project("{FAE04EC0-301F-11D3-BF4B-00C04F79EFBC}") = "Unity.CollabProxy.Editor", "Unity.CollabProxy.Editor.csproj", "{3D2DD4FF-B470-4CF1-CEE0-77F61BB396EB}"
EndProject
Project("{FAE04EC0-301F-11D3-BF4B-00C04F79EFBC}") = "Unity.Rider.Editor", "Unity.Rider.Editor.csproj", "{F05255E0-4E08-304B-32D2-A7A7AFE9FBAD}"
EndProject
Project("{FAE04EC0-301F-11D3-BF4B-00C04F79EFBC}") = "Unity.VSCode.Editor", "Unity.VSCode.Editor.csproj", "{CA22FB21-9FA1-9C71-E5BD-C14BFD0BAB6D}"
EndProject
Project("{FAE04EC0-301F-11D3-BF4B-00C04F79EFBC}") = "UnityEngine.TestRunner", "UnityEngine.TestRunner.Player.csproj", "{0F8A4D5A-A5A1-8AE9-B88F-C07A89DEA5C8}"
EndProject
Project("{FAE04EC0-301F-11D3-BF4B-00C04F79EFBC}") = "Unity.Timeline", "Unity.Timeline.Player.csproj", "{AACD520D-4A73-F468-42CB-2A4D4BE71080}"
EndProject
Project("{FAE04EC0-301F-11D3-BF4B-00C04F79EFBC}") = "UnityEngine.UI", "UnityEngine.UI.Player.csproj", "{5B05F9AA-4789-88EE-829E-63133BB433EC}"
EndProject
Project("{FAE04EC0-301F-11D3-BF4B-00C04F79EFBC}") = "Unity.TextMeshPro", "Unity.TextMeshPro.Player.csproj", "{F23D75EF-DD8E-68BF-6D2F-C309ADD8D771}"
EndProject
Project("{FAE04EC0-301F-11D3-BF4B-00C04F79EFBC}") = "Assembly-CSharp", "Assembly-CSharp.Player.csproj", "{AB257036-1F57-7AA7-0B0E-0F66671FA34B}"
EndProject
Global
	GlobalSection(SolutionConfigurationPlatforms) = preSolution
		Debug|Any CPU = Debug|Any CPU
		Release|Any CPU = Release|Any CPU
	EndGlobalSection
	GlobalSection(ProjectConfigurationPlatforms) = postSolution
		{62AADDCB-685B-00B4-A2FA-35F89B9EFD3B}.Debug|Any CPU.ActiveCfg = Debug|Any CPU
		{62AADDCB-685B-00B4-A2FA-35F89B9EFD3B}.Debug|Any CPU.Build.0 = Debug|Any CPU
		{62AADDCB-685B-00B4-A2FA-35F89B9EFD3B}.Release|Any CPU.ActiveCfg = Release|Any CPU
		{62AADDCB-685B-00B4-A2FA-35F89B9EFD3B}.Release|Any CPU.Build.0 = Release|Any CPU
		{35E9C5F0-67D6-4205-632F-798A936C7E4B}.Debug|Any CPU.ActiveCfg = Debug|Any CPU
		{35E9C5F0-67D6-4205-632F-798A936C7E4B}.Debug|Any CPU.Build.0 = Debug|Any CPU
		{35E9C5F0-67D6-4205-632F-798A936C7E4B}.Release|Any CPU.ActiveCfg = Release|Any CPU
		{35E9C5F0-67D6-4205-632F-798A936C7E4B}.Release|Any CPU.Build.0 = Release|Any CPU
		{129C079F-D293-E6A2-06E5-7F9B2E1811C0}.Debug|Any CPU.ActiveCfg = Debug|Any CPU
		{129C079F-D293-E6A2-06E5-7F9B2E1811C0}.Debug|Any CPU.Build.0 = Debug|Any CPU
		{129C079F-D293-E6A2-06E5-7F9B2E1811C0}.Release|Any CPU.ActiveCfg = Release|Any CPU
		{129C079F-D293-E6A2-06E5-7F9B2E1811C0}.Release|Any CPU.Build.0 = Release|Any CPU
		{5C223C4A-A684-C979-2026-C3A4FABF1581}.Debug|Any CPU.ActiveCfg = Debug|Any CPU
		{5C223C4A-A684-C979-2026-C3A4FABF1581}.Debug|Any CPU.Build.0 = Debug|Any CPU
		{5C223C4A-A684-C979-2026-C3A4FABF1581}.Release|Any CPU.ActiveCfg = Release|Any CPU
		{5C223C4A-A684-C979-2026-C3A4FABF1581}.Release|Any CPU.Build.0 = Release|Any CPU
		{4A4F4D4F-DC0E-AA69-05F1-2D8FAD4D9912}.Debug|Any CPU.ActiveCfg = Debug|Any CPU
		{4A4F4D4F-DC0E-AA69-05F1-2D8FAD4D9912}.Debug|Any CPU.Build.0 = Debug|Any CPU
		{4A4F4D4F-DC0E-AA69-05F1-2D8FAD4D9912}.Release|Any CPU.ActiveCfg = Release|Any CPU
		{4A4F4D4F-DC0E-AA69-05F1-2D8FAD4D9912}.Release|Any CPU.Build.0 = Release|Any CPU
		{87C5C70D-C009-77DE-F615-CF80A7310365}.Debug|Any CPU.ActiveCfg = Debug|Any CPU
		{87C5C70D-C009-77DE-F615-CF80A7310365}.Debug|Any CPU.Build.0 = Debug|Any CPU
		{87C5C70D-C009-77DE-F615-CF80A7310365}.Release|Any CPU.ActiveCfg = Release|Any CPU
		{87C5C70D-C009-77DE-F615-CF80A7310365}.Release|Any CPU.Build.0 = Release|Any CPU
		{33B468E9-F2EF-3FB2-8EC5-942293D8A943}.Debug|Any CPU.ActiveCfg = Debug|Any CPU
		{33B468E9-F2EF-3FB2-8EC5-942293D8A943}.Debug|Any CPU.Build.0 = Debug|Any CPU
		{33B468E9-F2EF-3FB2-8EC5-942293D8A943}.Release|Any CPU.ActiveCfg = Release|Any CPU
		{33B468E9-F2EF-3FB2-8EC5-942293D8A943}.Release|Any CPU.Build.0 = Release|Any CPU
		{2284BB1F-0B7F-58A0-24B9-F2274D28B1A8}.Debug|Any CPU.ActiveCfg = Debug|Any CPU
		{2284BB1F-0B7F-58A0-24B9-F2274D28B1A8}.Debug|Any CPU.Build.0 = Debug|Any CPU
		{2284BB1F-0B7F-58A0-24B9-F2274D28B1A8}.Release|Any CPU.ActiveCfg = Release|Any CPU
		{2284BB1F-0B7F-58A0-24B9-F2274D28B1A8}.Release|Any CPU.Build.0 = Release|Any CPU
		{B8575AE9-7EC8-AFD6-C16F-EAB8B1C6AE6E}.Debug|Any CPU.ActiveCfg = Debug|Any CPU
		{B8575AE9-7EC8-AFD6-C16F-EAB8B1C6AE6E}.Debug|Any CPU.Build.0 = Debug|Any CPU
		{B8575AE9-7EC8-AFD6-C16F-EAB8B1C6AE6E}.Release|Any CPU.ActiveCfg = Release|Any CPU
		{B8575AE9-7EC8-AFD6-C16F-EAB8B1C6AE6E}.Release|Any CPU.Build.0 = Release|Any CPU
		{0E5CB625-037B-FED6-B2F3-674FE84E4D22}.Debug|Any CPU.ActiveCfg = Debug|Any CPU
		{0E5CB625-037B-FED6-B2F3-674FE84E4D22}.Debug|Any CPU.Build.0 = Debug|Any CPU
		{0E5CB625-037B-FED6-B2F3-674FE84E4D22}.Release|Any CPU.ActiveCfg = Release|Any CPU
		{0E5CB625-037B-FED6-B2F3-674FE84E4D22}.Release|Any CPU.Build.0 = Release|Any CPU
		{A08F6DF6-C925-630B-52E9-BA645C6338BC}.Debug|Any CPU.ActiveCfg = Debug|Any CPU
		{A08F6DF6-C925-630B-52E9-BA645C6338BC}.Debug|Any CPU.Build.0 = Debug|Any CPU
		{A08F6DF6-C925-630B-52E9-BA645C6338BC}.Release|Any CPU.ActiveCfg = Release|Any CPU
		{A08F6DF6-C925-630B-52E9-BA645C6338BC}.Release|Any CPU.Build.0 = Release|Any CPU
		{61C40AF6-49D4-E8F3-BFF1-745053A50D3E}.Debug|Any CPU.ActiveCfg = Debug|Any CPU
		{61C40AF6-49D4-E8F3-BFF1-745053A50D3E}.Debug|Any CPU.Build.0 = Debug|Any CPU
		{61C40AF6-49D4-E8F3-BFF1-745053A50D3E}.Release|Any CPU.ActiveCfg = Release|Any CPU
		{61C40AF6-49D4-E8F3-BFF1-745053A50D3E}.Release|Any CPU.Build.0 = Release|Any CPU
		{3D2DD4FF-B470-4CF1-CEE0-77F61BB396EB}.Debug|Any CPU.ActiveCfg = Debug|Any CPU
		{3D2DD4FF-B470-4CF1-CEE0-77F61BB396EB}.Debug|Any CPU.Build.0 = Debug|Any CPU
		{3D2DD4FF-B470-4CF1-CEE0-77F61BB396EB}.Release|Any CPU.ActiveCfg = Release|Any CPU
		{3D2DD4FF-B470-4CF1-CEE0-77F61BB396EB}.Release|Any CPU.Build.0 = Release|Any CPU
		{F05255E0-4E08-304B-32D2-A7A7AFE9FBAD}.Debug|Any CPU.ActiveCfg = Debug|Any CPU
		{F05255E0-4E08-304B-32D2-A7A7AFE9FBAD}.Debug|Any CPU.Build.0 = Debug|Any CPU
		{F05255E0-4E08-304B-32D2-A7A7AFE9FBAD}.Release|Any CPU.ActiveCfg = Release|Any CPU
		{F05255E0-4E08-304B-32D2-A7A7AFE9FBAD}.Release|Any CPU.Build.0 = Release|Any CPU
		{CA22FB21-9FA1-9C71-E5BD-C14BFD0BAB6D}.Debug|Any CPU.ActiveCfg = Debug|Any CPU
		{CA22FB21-9FA1-9C71-E5BD-C14BFD0BAB6D}.Debug|Any CPU.Build.0 = Debug|Any CPU
		{CA22FB21-9FA1-9C71-E5BD-C14BFD0BAB6D}.Release|Any CPU.ActiveCfg = Release|Any CPU
		{CA22FB21-9FA1-9C71-E5BD-C14BFD0BAB6D}.Release|Any CPU.Build.0 = Release|Any CPU
		{0F8A4D5A-A5A1-8AE9-B88F-C07A89DEA5C8}.Debug|Any CPU.ActiveCfg = Debug|Any CPU
		{0F8A4D5A-A5A1-8AE9-B88F-C07A89DEA5C8}.Debug|Any CPU.Build.0 = Debug|Any CPU
		{0F8A4D5A-A5A1-8AE9-B88F-C07A89DEA5C8}.Release|Any CPU.ActiveCfg = Release|Any CPU
		{0F8A4D5A-A5A1-8AE9-B88F-C07A89DEA5C8}.Release|Any CPU.Build.0 = Release|Any CPU
		{AACD520D-4A73-F468-42CB-2A4D4BE71080}.Debug|Any CPU.ActiveCfg = Debug|Any CPU
		{AACD520D-4A73-F468-42CB-2A4D4BE71080}.Debug|Any CPU.Build.0 = Debug|Any CPU
		{AACD520D-4A73-F468-42CB-2A4D4BE71080}.Release|Any CPU.ActiveCfg = Release|Any CPU
		{AACD520D-4A73-F468-42CB-2A4D4BE71080}.Release|Any CPU.Build.0 = Release|Any CPU
		{5B05F9AA-4789-88EE-829E-63133BB433EC}.Debug|Any CPU.ActiveCfg = Debug|Any CPU
		{5B05F9AA-4789-88EE-829E-63133BB433EC}.Debug|Any CPU.Build.0 = Debug|Any CPU
		{5B05F9AA-4789-88EE-829E-63133BB433EC}.Release|Any CPU.ActiveCfg = Release|Any CPU
		{5B05F9AA-4789-88EE-829E-63133BB433EC}.Release|Any CPU.Build.0 = Release|Any CPU
		{F23D75EF-DD8E-68BF-6D2F-C309ADD8D771}.Debug|Any CPU.ActiveCfg = Debug|Any CPU
		{F23D75EF-DD8E-68BF-6D2F-C309ADD8D771}.Debug|Any CPU.Build.0 = Debug|Any CPU
		{F23D75EF-DD8E-68BF-6D2F-C309ADD8D771}.Release|Any CPU.ActiveCfg = Release|Any CPU
		{F23D75EF-DD8E-68BF-6D2F-C309ADD8D771}.Release|Any CPU.Build.0 = Release|Any CPU
		{AB257036-1F57-7AA7-0B0E-0F66671FA34B}.Debug|Any CPU.ActiveCfg = Debug|Any CPU
		{AB257036-1F57-7AA7-0B0E-0F66671FA34B}.Debug|Any CPU.Build.0 = Debug|Any CPU
		{AB257036-1F57-7AA7-0B0E-0F66671FA34B}.Release|Any CPU.ActiveCfg = Release|Any CPU
		{AB257036-1F57-7AA7-0B0E-0F66671FA34B}.Release|Any CPU.Build.0 = Release|Any CPU
	EndGlobalSection
	GlobalSection(SolutionProperties) = preSolution
		HideSolutionNode = FALSE
	EndGlobalSection
EndGlobal
